
Microsoft Visual Studio Solution File, Format Version 12.00
# Visual Studio Version 16
VisualStudioVersion = 16.0.810.6
MinimumVisualStudioVersion = 10.0.40219.1
Project("{FAE04EC0-301F-11D3-BF4B-00C04F79EFBC}") = "Test", "Test\Test.csproj", "{C6845ADE-D760-4F42-9851-262F37C6715A}"
EndProject
Global
	GlobalSection(SolutionConfigurationPlatforms) = preSolution
		Debug|anycpu = Debug|anycpu
		Release|anycpu = Release|anycpu
	EndGlobalSection
	GlobalSection(ProjectConfigurationPlatforms) = postSolution
		{C6845ADE-D760-4F42-9851-262F37C6715A}.Debug|anycpu.ActiveCfg = Debug|anycpu
		{C6845ADE-D760-4F42-9851-262F37C6715A}.Debug|anycpu.Build.0 = Debug|anycpu
		{C6845ADE-D760-4F42-9851-262F37C6715A}.Release|anycpu.ActiveCfg = Release|anycpu
		{C6845ADE-D760-4F42-9851-262F37C6715A}.Release|anycpu.Build.0 = Release|anycpu
	EndGlobalSection
	GlobalSection(SolutionProperties) = preSolution
		HideSolutionNode = FALSE
	EndGlobalSection
	GlobalSection(ExtensibilityGlobals) = postSolution
		SolutionGuid = {36D16248-8BED-4461-8D1F-16A6E24727B3}
	EndGlobalSection
EndGlobal
